
Microsoft Visual Studio Solution File, Format Version 12.00
# Visual Studio Version 16
VisualStudioVersion = 16.0.31424.327
MinimumVisualStudioVersion = 10.0.40219.1
Project("{9A19103F-16F7-4668-BE54-9A1E7A4F7556}") = "HW 2", "HW2\HW 2.csproj", "{0039ACB2-4B0D-47E3-8088-F3FE1F08AAAE}"
EndProject
Project("{9A19103F-16F7-4668-BE54-9A1E7A4F7556}") = "HW1", "HW1\HW1.csproj", "{86511532-42D0-4B5A-9DEA-9EBEF893F381}"
EndProject
Project("{FAE04EC0-301F-11D3-BF4B-00C04F79EFBC}") = "HW3", "HW3\HW3.csproj", "{DCF723B4-A421-4919-B866-72DFF0570B6A}"
EndProject
Global
	GlobalSection(SolutionConfigurationPlatforms) = preSolution
		Debug|Any CPU = Debug|Any CPU
		Release|Any CPU = Release|Any CPU
	EndGlobalSection
	GlobalSection(ProjectConfigurationPlatforms) = postSolution
		{0039ACB2-4B0D-47E3-8088-F3FE1F08AAAE}.Debug|Any CPU.ActiveCfg = Debug|Any CPU
		{0039ACB2-4B0D-47E3-8088-F3FE1F08AAAE}.Debug|Any CPU.Build.0 = Debug|Any CPU
		{0039ACB2-4B0D-47E3-8088-F3FE1F08AAAE}.Release|Any CPU.ActiveCfg = Release|Any CPU
		{0039ACB2-4B0D-47E3-8088-F3FE1F08AAAE}.Release|Any CPU.Build.0 = Release|Any CPU
		{86511532-42D0-4B5A-9DEA-9EBEF893F381}.Debug|Any CPU.ActiveCfg = Debug|Any CPU
		{86511532-42D0-4B5A-9DEA-9EBEF893F381}.Debug|Any CPU.Build.0 = Debug|Any CPU
		{86511532-42D0-4B5A-9DEA-9EBEF893F381}.Release|Any CPU.ActiveCfg = Release|Any CPU
		{86511532-42D0-4B5A-9DEA-9EBEF893F381}.Release|Any CPU.Build.0 = Release|Any CPU
		{DCF723B4-A421-4919-B866-72DFF0570B6A}.Debug|Any CPU.ActiveCfg = Debug|Any CPU
		{DCF723B4-A421-4919-B866-72DFF0570B6A}.Debug|Any CPU.Build.0 = Debug|Any CPU
		{DCF723B4-A421-4919-B866-72DFF0570B6A}.Release|Any CPU.ActiveCfg = Release|Any CPU
		{DCF723B4-A421-4919-B866-72DFF0570B6A}.Release|Any CPU.Build.0 = Release|Any CPU
	EndGlobalSection
	GlobalSection(SolutionProperties) = preSolution
		HideSolutionNode = FALSE
	EndGlobalSection
	GlobalSection(ExtensibilityGlobals) = postSolution
		SolutionGuid = {D63BC1E3-1624-49C0-B362-40471D1CD574}
	EndGlobalSection
EndGlobal
